PODS:
  - BLExtension (0.0.1)
  - BLLet/BLLetAccount (2.9.6):
    - BLLet/BLLetBase
  - BLLet/BLLetBase (2.9.6)
  - BLLet/BLLetCore (2.9.6):
    - BLLet/BLLetBase
  - BLLet/BLLetFamily (2.9.6):
    - BLLet/BLLetBase
  - BLLet/BLLetIRCode (2.9.6):
    - BLLet/BLLetBase
  - BLLet/BLLetPlugins (2.9.6):
    - BLLet/BLLetBase
  - Cordova (4.4.0)
  - Masonry (0.6.4)
  - MBProgressHUD (1.1.0)
  - SDWebImage (4.4.5):
    - SDWebImage/Core (= 4.4.5)
  - SDWebImage/Core (4.4.5)
  - SSZipArchive (2.1.4)
  - SVProgressHUD (2.2.5)
  - YYCategories (1.0.4):
    - YYCategories/no-arc (= 1.0.4)
  - YYCategories/no-arc (1.0.4)

DEPENDENCIES:
  - BLExtension
  - BLLet/BLLetAccount (~> 2.9.2)
  - BLLet/BLLetBase (~> 2.9.2)
  - BLLet/BLLetCore (~> 2.9.2)
  - BLLet/BLLetFamily (~> 2.9.2)
  - BLLet/BLLetIRCode (~> 2.9.2)
  - BLLet/BLLetPlugins (~> 2.9.2)
  - Cordova (~> 4.4.0)
  - Masonry (~> 0.6.2)
  - MBProgressHUD (~> 1.1.0)
  - SDWebImage
  - SSZipArchive (~> 2.1.1)
  - SVProgressHUD
  - YYCategories (~> 1.0.4)

SPEC REPOS:
  https://github.com/cocoapods/specs.git:
    - BLExtension
    - Cordova
    - Masonry
    - MBProgressHUD
    - SDWebImage
    - SSZipArchive
    - SVProgressHUD
    - YYCategories
  https://github.com/ibroadlink/BLLibSpecs.git:
    - BLLet

SPEC CHECKSUMS:
  BLExtension: 397cb05b32940fe0ce3467821ce56817c7f8bba8
  BLLet: 02b8eca5e3932b0584d336d4d11b26e1b3b64be1
  Cordova: 561576155c420c54441d99b855de12c6e7b51088
  Masonry: 281802d04d787ea2973179ee8bcb50500579ede2
  MBProgressHUD: e7baa36a220447d8aeb12769bf0585582f3866d9
  SDWebImage: ecc03494e973b93b80213649d32175f8d2d17d4d
  SSZipArchive: 41455d4b8d2b6ab93990820b50dc697c2554a322
  SVProgressHUD: 1428aafac632c1f86f62aa4243ec12008d7a51d6
  YYCategories: 6bcd4314c6661a561410dce4a793379ebd306abd

PODFILE CHECKSUM: b0b4a798375cff1dc8cfb3e031a77cb4568b48b3

COCOAPODS: 1.5.3
