PODS:
  - AFNetworking (3.2.1):
    - AFNetworking/NSURLSession (= 3.2.1)
    - AFNetworking/Reachability (= 3.2.1)
    - AFNetworking/Security (= 3.2.1)
    - AFNetworking/Serialization (= 3.2.1)
    - AFNetworking/UIKit (= 3.2.1)
  - AFNetworking/NSURLSession (3.2.1):
    - AFNetworking/Reachability
    - AFNetworking/Security
    - AFNetworking/Serialization
  - AFNetworking/Reachability (3.2.1)
  - AFNetworking/Security (3.2.1)
  - AFNetworking/Serialization (3.2.1)
  - AFNetworking/UIKit (3.2.1):
    - AFNetworking/NSURLSession
  - BLLet (2.11.2):
    - BLLet/BLLetAccount (= 2.11.2)
    - BLLet/BLLetBase (= 2.11.2)
    - BLLet/BLLetCore (= 2.11.2)
    - BLLet/BLLetFamily (= 2.11.2)
    - BLLet/BLLetIRCode (= 2.11.2)
    - BLLet/BLLetPlugins (= 2.11.2)
  - BLLet/BLLetAccount (2.11.2):
    - BLLet/BLLetBase
  - BLLet/BLLetBase (2.11.2):
    - AFNetworking
  - BLLet/BLLetCore (2.11.2):
    - BLLet/BLLetBase
  - BLLet/BLLetFamily (2.11.2):
    - BLLet/BLLetBase
  - BLLet/BLLetIRCode (2.11.2):
    - BLLet/BLLetBase
    - BLLet/BLLetCore
  - BLLet/BLLetPlugins (2.11.2):
    - BLLet/BLLetBase
  - Cordova (4.4.0)
  - MBProgressHUD (1.1.0)
  - SDWebImage (4.4.6):
    - SDWebImage/Core (= 4.4.6)
  - SDWebImage/Core (4.4.6)
  - SSZipArchive (2.1.4)
  - YYCategories (1.0.4):
    - YYCategories/no-arc (= 1.0.4)
  - YYCategories/no-arc (1.0.4)

DEPENDENCIES:
  - BLLet (~> 2.11.2)
  - Cordova (~> 4.4.0)
  - MBProgressHUD (~> 1.1.0)
  - SDWebImage (~> 4.4.6)
  - SSZipArchive (~> 2.1.1)
  - YYCategories (~> 1.0.4)

SPEC REPOS:
  https://github.com/cocoapods/specs.git:
    - AFNetworking
    - Cordova
    - MBProgressHUD
    - SDWebImage
    - SSZipArchive
    - YYCategories
  https://github.com/ibroadlink/BLLibSpecs.git:
    - BLLet

SPEC CHECKSUMS:
  AFNetworking: b6f891fdfaed196b46c7a83cf209e09697b94057
  BLLet: 42b0104919d92dc880a36dce5bdca05a00ade6d9
  Cordova: 561576155c420c54441d99b855de12c6e7b51088
  MBProgressHUD: e7baa36a220447d8aeb12769bf0585582f3866d9
  SDWebImage: 3f3f0c02f09798048c47a5ed0a13f17b063572d8
  SSZipArchive: 41455d4b8d2b6ab93990820b50dc697c2554a322
  YYCategories: 6bcd4314c6661a561410dce4a793379ebd306abd

PODFILE CHECKSUM: dc9b3f41ce9d950786d685b47d99064ab7a77b18

COCOAPODS: 1.7.2
